
Microsoft Visual Studio Solution File, Format Version 12.00
# Visual Studio Version 17
VisualStudioVersion = 17.7.34202.233
MinimumVisualStudioVersion = 10.0.40219.1
Project("{2150E333-8FDC-42A3-9474-1A3956D46DE8}") = "Services", "Services", "{5CB3E58B-CEF3-44E9-87C9-D1C3D88BCBC4}"
EndProject
Project("{9A19103F-16F7-4668-BE54-9A1E7A4F7556}") = "Catalog.Api", "Services\Catalog.Api\Catalog.Api.csproj", "{3C8BC9EB-27F6-4589-BB7B-3147E9AA0972}"
EndProject
Project("{9A19103F-16F7-4668-BE54-9A1E7A4F7556}") = "Basket.Api", "Services\Basket.Api\Basket.Api.csproj", "{8254ED21-79A5-43A9-8C04-1FED6D684BE5}"
EndProject
Project("{9A19103F-16F7-4668-BE54-9A1E7A4F7556}") = "Discount.Api", "Services\Discount.Api\Discount.Api.csproj", "{7425B499-AE52-4481-9BFB-84614B29B0BA}"
EndProject
Project("{9A19103F-16F7-4668-BE54-9A1E7A4F7556}") = "Discount.Grpc", "Services\Discount.Grpc\Discount.Grpc.csproj", "{F5BCE99C-ECC5-41A8-9868-A0E15B84653A}"
EndProject
Global
	GlobalSection(SolutionConfigurationPlatforms) = preSolution
		Debug|Any CPU = Debug|Any CPU
		Release|Any CPU = Release|Any CPU
	EndGlobalSection
	GlobalSection(ProjectConfigurationPlatforms) = postSolution
		{3C8BC9EB-27F6-4589-BB7B-3147E9AA0972}.Debug|Any CPU.ActiveCfg = Debug|Any CPU
		{3C8BC9EB-27F6-4589-BB7B-3147E9AA0972}.Debug|Any CPU.Build.0 = Debug|Any CPU
		{3C8BC9EB-27F6-4589-BB7B-3147E9AA0972}.Release|Any CPU.ActiveCfg = Release|Any CPU
		{3C8BC9EB-27F6-4589-BB7B-3147E9AA0972}.Release|Any CPU.Build.0 = Release|Any CPU
		{8254ED21-79A5-43A9-8C04-1FED6D684BE5}.Debug|Any CPU.ActiveCfg = Debug|Any CPU
		{8254ED21-79A5-43A9-8C04-1FED6D684BE5}.Debug|Any CPU.Build.0 = Debug|Any CPU
		{8254ED21-79A5-43A9-8C04-1FED6D684BE5}.Release|Any CPU.ActiveCfg = Release|Any CPU
		{8254ED21-79A5-43A9-8C04-1FED6D684BE5}.Release|Any CPU.Build.0 = Release|Any CPU
		{7425B499-AE52-4481-9BFB-84614B29B0BA}.Debug|Any CPU.ActiveCfg = Debug|Any CPU
		{7425B499-AE52-4481-9BFB-84614B29B0BA}.Debug|Any CPU.Build.0 = Debug|Any CPU
		{7425B499-AE52-4481-9BFB-84614B29B0BA}.Release|Any CPU.ActiveCfg = Release|Any CPU
		{7425B499-AE52-4481-9BFB-84614B29B0BA}.Release|Any CPU.Build.0 = Release|Any CPU
		{F5BCE99C-ECC5-41A8-9868-A0E15B84653A}.Debug|Any CPU.ActiveCfg = Debug|Any CPU
		{F5BCE99C-ECC5-41A8-9868-A0E15B84653A}.Debug|Any CPU.Build.0 = Debug|Any CPU
		{F5BCE99C-ECC5-41A8-9868-A0E15B84653A}.Release|Any CPU.ActiveCfg = Release|Any CPU
		{F5BCE99C-ECC5-41A8-9868-A0E15B84653A}.Release|Any CPU.Build.0 = Release|Any CPU
	EndGlobalSection
	GlobalSection(SolutionProperties) = preSolution
		HideSolutionNode = FALSE
	EndGlobalSection
	GlobalSection(NestedProjects) = preSolution
		{3C8BC9EB-27F6-4589-BB7B-3147E9AA0972} = {5CB3E58B-CEF3-44E9-87C9-D1C3D88BCBC4}
		{8254ED21-79A5-43A9-8C04-1FED6D684BE5} = {5CB3E58B-CEF3-44E9-87C9-D1C3D88BCBC4}
		{7425B499-AE52-4481-9BFB-84614B29B0BA} = {5CB3E58B-CEF3-44E9-87C9-D1C3D88BCBC4}
		{F5BCE99C-ECC5-41A8-9868-A0E15B84653A} = {5CB3E58B-CEF3-44E9-87C9-D1C3D88BCBC4}
	EndGlobalSection
	GlobalSection(ExtensibilityGlobals) = postSolution
		SolutionGuid = {D98CDBDA-9310-4BA4-A97C-567A1D97D032}
	EndGlobalSection
EndGlobal
